
Microsoft Visual Studio Solution File, Format Version 12.00
# Visual Studio Version 17
VisualStudioVersion = 17.14.36310.24 d17.14
MinimumVisualStudioVersion = 10.0.40219.1
Project("{FAE04EC0-301F-11D3-BF4B-00C04F79EFBC}") = "Jwtmicro", "Jwtmicro.csproj", "{BEB3E895-2C76-4315-A81D-91B070F99B8B}"
EndProject
Global
	GlobalSection(SolutionConfigurationPlatforms) = preSolution
		Debug|Any CPU = Debug|Any CPU
		Release|Any CPU = Release|Any CPU
	EndGlobalSection
	GlobalSection(ProjectConfigurationPlatforms) = postSolution
		{BEB3E895-2C76-4315-A81D-91B070F99B8B}.Debug|Any CPU.ActiveCfg = Debug|Any CPU
		{BEB3E895-2C76-4315-A81D-91B070F99B8B}.Debug|Any CPU.Build.0 = Debug|Any CPU
		{BEB3E895-2C76-4315-A81D-91B070F99B8B}.Release|Any CPU.ActiveCfg = Release|Any CPU
		{BEB3E895-2C76-4315-A81D-91B070F99B8B}.Release|Any CPU.Build.0 = Release|Any CPU
	EndGlobalSection
	GlobalSection(SolutionProperties) = preSolution
		HideSolutionNode = FALSE
	EndGlobalSection
	GlobalSection(ExtensibilityGlobals) = postSolution
		SolutionGuid = {1A737B9D-F574-49F7-85CF-777F24BE59E6}
	EndGlobalSection
EndGlobal
